
Microsoft Visual Studio Solution File, Format Version 12.00
# Visual Studio Version 16
VisualStudioVersion = 16.0.31624.102
MinimumVisualStudioVersion = 10.0.40219.1
Project("{FAE04EC0-301F-11D3-BF4B-00C04F79EFBC}") = "graficos.Android", "graficos.Android\graficos.Android.csproj", "{55ED3E5B-AFA0-4F29-89B8-7FE0CACBD7C5}"
EndProject
Project("{FAE04EC0-301F-11D3-BF4B-00C04F79EFBC}") = "graficos.iOS", "graficos.iOS\graficos.iOS.csproj", "{156021AD-3E90-4129-8FEE-546E42586376}"
EndProject
Project("{FAE04EC0-301F-11D3-BF4B-00C04F79EFBC}") = "graficos", "graficos\graficos.csproj", "{681AF700-2FAF-48A1-9826-832F06FFB033}"
EndProject
Global
	GlobalSection(SolutionConfigurationPlatforms) = preSolution
		Debug|Any CPU = Debug|Any CPU
		Debug|iPhone = Debug|iPhone
		Debug|iPhoneSimulator = Debug|iPhoneSimulator
		Release|Any CPU = Release|Any CPU
		Release|iPhone = Release|iPhone
		Release|iPhoneSimulator = Release|iPhoneSimulator
	EndGlobalSection
	GlobalSection(ProjectConfigurationPlatforms) = postSolution
		{55ED3E5B-AFA0-4F29-89B8-7FE0CACBD7C5}.Debug|Any CPU.ActiveCfg = Debug|Any CPU
		{55ED3E5B-AFA0-4F29-89B8-7FE0CACBD7C5}.Debug|Any CPU.Build.0 = Debug|Any CPU
		{55ED3E5B-AFA0-4F29-89B8-7FE0CACBD7C5}.Debug|Any CPU.Deploy.0 = Debug|Any CPU
		{55ED3E5B-AFA0-4F29-89B8-7FE0CACBD7C5}.Debug|iPhone.ActiveCfg = Debug|Any CPU
		{55ED3E5B-AFA0-4F29-89B8-7FE0CACBD7C5}.Debug|iPhone.Build.0 = Debug|Any CPU
		{55ED3E5B-AFA0-4F29-89B8-7FE0CACBD7C5}.Debug|iPhone.Deploy.0 = Debug|Any CPU
		{55ED3E5B-AFA0-4F29-89B8-7FE0CACBD7C5}.Debug|iPhoneSimulator.ActiveCfg = Debug|Any CPU
		{55ED3E5B-AFA0-4F29-89B8-7FE0CACBD7C5}.Debug|iPhoneSimulator.Build.0 = Debug|Any CPU
		{55ED3E5B-AFA0-4F29-89B8-7FE0CACBD7C5}.Debug|iPhoneSimulator.Deploy.0 = Debug|Any CPU
		{55ED3E5B-AFA0-4F29-89B8-7FE0CACBD7C5}.Release|Any CPU.ActiveCfg = Release|Any CPU
		{55ED3E5B-AFA0-4F29-89B8-7FE0CACBD7C5}.Release|Any CPU.Build.0 = Release|Any CPU
		{55ED3E5B-AFA0-4F29-89B8-7FE0CACBD7C5}.Release|Any CPU.Deploy.0 = Release|Any CPU
		{55ED3E5B-AFA0-4F29-89B8-7FE0CACBD7C5}.Release|iPhone.ActiveCfg = Release|Any CPU
		{55ED3E5B-AFA0-4F29-89B8-7FE0CACBD7C5}.Release|iPhone.Build.0 = Release|Any CPU
		{55ED3E5B-AFA0-4F29-89B8-7FE0CACBD7C5}.Release|iPhone.Deploy.0 = Release|Any CPU
		{55ED3E5B-AFA0-4F29-89B8-7FE0CACBD7C5}.Release|iPhoneSimulator.ActiveCfg = Release|Any CPU
		{55ED3E5B-AFA0-4F29-89B8-7FE0CACBD7C5}.Release|iPhoneSimulator.Build.0 = Release|Any CPU
		{55ED3E5B-AFA0-4F29-89B8-7FE0CACBD7C5}.Release|iPhoneSimulator.Deploy.0 = Release|Any CPU
		{156021AD-3E90-4129-8FEE-546E42586376}.Debug|Any CPU.ActiveCfg = Debug|iPhone
		{156021AD-3E90-4129-8FEE-546E42586376}.Debug|Any CPU.Build.0 = Debug|iPhone
		{156021AD-3E90-4129-8FEE-546E42586376}.Debug|Any CPU.Deploy.0 = Debug|iPhone
		{156021AD-3E90-4129-8FEE-546E42586376}.Debug|iPhone.ActiveCfg = Debug|iPhone
		{156021AD-3E90-4129-8FEE-546E42586376}.Debug|iPhone.Build.0 = Debug|iPhone
		{156021AD-3E90-4129-8FEE-546E42586376}.Debug|iPhone.Deploy.0 = Debug|iPhone
		{156021AD-3E90-4129-8FEE-546E42586376}.Debug|iPhoneSimulator.ActiveCfg = Debug|iPhoneSimulator
		{156021AD-3E90-4129-8FEE-546E42586376}.Debug|iPhoneSimulator.Build.0 = Debug|iPhoneSimulator
		{156021AD-3E90-4129-8FEE-546E42586376}.Debug|iPhoneSimulator.Deploy.0 = Debug|iPhoneSimulator
		{156021AD-3E90-4129-8FEE-546E42586376}.Release|Any CPU.ActiveCfg = Release|iPhoneSimulator
		{156021AD-3E90-4129-8FEE-546E42586376}.Release|Any CPU.Build.0 = Release|iPhoneSimulator
		{156021AD-3E90-4129-8FEE-546E42586376}.Release|Any CPU.Deploy.0 = Release|iPhoneSimulator
		{156021AD-3E90-4129-8FEE-546E42586376}.Release|iPhone.ActiveCfg = Release|iPhone
		{156021AD-3E90-4129-8FEE-546E42586376}.Release|iPhone.Build.0 = Release|iPhone
		{156021AD-3E90-4129-8FEE-546E42586376}.Release|iPhone.Deploy.0 = Release|iPhone
		{156021AD-3E90-4129-8FEE-546E42586376}.Release|iPhoneSimulator.ActiveCfg = Release|iPhoneSimulator
		{156021AD-3E90-4129-8FEE-546E42586376}.Release|iPhoneSimulator.Build.0 = Release|iPhoneSimulator
		{156021AD-3E90-4129-8FEE-546E42586376}.Release|iPhoneSimulator.Deploy.0 = Release|iPhoneSimulator
		{681AF700-2FAF-48A1-9826-832F06FFB033}.Debug|Any CPU.ActiveCfg = Debug|Any CPU
		{681AF700-2FAF-48A1-9826-832F06FFB033}.Debug|Any CPU.Build.0 = Debug|Any CPU
		{681AF700-2FAF-48A1-9826-832F06FFB033}.Debug|Any CPU.Deploy.0 = Debug|Any CPU
		{681AF700-2FAF-48A1-9826-832F06FFB033}.Debug|iPhone.ActiveCfg = Debug|Any CPU
		{681AF700-2FAF-48A1-9826-832F06FFB033}.Debug|iPhone.Build.0 = Debug|Any CPU
		{681AF700-2FAF-48A1-9826-832F06FFB033}.Debug|iPhone.Deploy.0 = Debug|Any CPU
		{681AF700-2FAF-48A1-9826-832F06FFB033}.Debug|iPhoneSimulator.ActiveCfg = Debug|Any CPU
		{681AF700-2FAF-48A1-9826-832F06FFB033}.Debug|iPhoneSimulator.Build.0 = Debug|Any CPU
		{681AF700-2FAF-48A1-9826-832F06FFB033}.Debug|iPhoneSimulator.Deploy.0 = Debug|Any CPU
		{681AF700-2FAF-48A1-9826-832F06FFB033}.Release|Any CPU.ActiveCfg = Release|Any CPU
		{681AF700-2FAF-48A1-9826-832F06FFB033}.Release|Any CPU.Build.0 = Release|Any CPU
		{681AF700-2FAF-48A1-9826-832F06FFB033}.Release|Any CPU.Deploy.0 = Release|Any CPU
		{681AF700-2FAF-48A1-9826-832F06FFB033}.Release|iPhone.ActiveCfg = Release|Any CPU
		{681AF700-2FAF-48A1-9826-832F06FFB033}.Release|iPhone.Build.0 = Release|Any CPU
		{681AF700-2FAF-48A1-9826-832F06FFB033}.Release|iPhone.Deploy.0 = Release|Any CPU
		{681AF700-2FAF-48A1-9826-832F06FFB033}.Release|iPhoneSimulator.ActiveCfg = Release|Any CPU
		{681AF700-2FAF-48A1-9826-832F06FFB033}.Release|iPhoneSimulator.Build.0 = Release|Any CPU
		{681AF700-2FAF-48A1-9826-832F06FFB033}.Release|iPhoneSimulator.Deploy.0 = Release|Any CPU
	EndGlobalSection
	GlobalSection(SolutionProperties) = preSolution
		HideSolutionNode = FALSE
	EndGlobalSection
	GlobalSection(ExtensibilityGlobals) = postSolution
		SolutionGuid = {E43E3DEA-B653-4E68-BAEC-4FD5DADBE0A9}
	EndGlobalSection
EndGlobal
